
Microsoft Visual Studio Solution File, Format Version 12.00
# Visual Studio Version 17
VisualStudioVersion = 17.2.32516.85
MinimumVisualStudioVersion = 10.0.40219.1
Project("{FAE04EC0-301F-11D3-BF4B-00C04F79EFBC}") = "Courses", "Courses\Courses.csproj", "{B4C78390-3924-4CAB-A32C-57B34F6C9950}"
EndProject
Global
	GlobalSection(SolutionConfigurationPlatforms) = preSolution
		Debug|Any CPU = Debug|Any CPU
		Release|Any CPU = Release|Any CPU
	EndGlobalSection
	GlobalSection(ProjectConfigurationPlatforms) = postSolution
		{B4C78390-3924-4CAB-A32C-57B34F6C9950}.Debug|Any CPU.ActiveCfg = Debug|Any CPU
		{B4C78390-3924-4CAB-A32C-57B34F6C9950}.Debug|Any CPU.Build.0 = Debug|Any CPU
		{B4C78390-3924-4CAB-A32C-57B34F6C9950}.Release|Any CPU.ActiveCfg = Release|Any CPU
		{B4C78390-3924-4CAB-A32C-57B34F6C9950}.Release|Any CPU.Build.0 = Release|Any CPU
	EndGlobalSection
	GlobalSection(SolutionProperties) = preSolution
		HideSolutionNode = FALSE
	EndGlobalSection
	GlobalSection(ExtensibilityGlobals) = postSolution
		SolutionGuid = {FAAA6C3A-7B9F-4715-B9B6-84F032C1FAB1}
	EndGlobalSection
EndGlobal
